
Microsoft Visual Studio Solution File, Format Version 12.00
# Visual Studio Version 16
VisualStudioVersion = 16.0.31205.134
MinimumVisualStudioVersion = 10.0.40219.1
Project("{FAE04EC0-301F-11D3-BF4B-00C04F79EFBC}") = "Store", "Store\Store.csproj", "{CA7ED476-002A-41A0-99C4-BD60322FC981}"
EndProject
Global
	GlobalSection(SolutionConfigurationPlatforms) = preSolution
		Debug|Any CPU = Debug|Any CPU
		Release|Any CPU = Release|Any CPU
	EndGlobalSection
	GlobalSection(ProjectConfigurationPlatforms) = postSolution
		{CA7ED476-002A-41A0-99C4-BD60322FC981}.Debug|Any CPU.ActiveCfg = Debug|Any CPU
		{CA7ED476-002A-41A0-99C4-BD60322FC981}.Debug|Any CPU.Build.0 = Debug|Any CPU
		{CA7ED476-002A-41A0-99C4-BD60322FC981}.Release|Any CPU.ActiveCfg = Release|Any CPU
		{CA7ED476-002A-41A0-99C4-BD60322FC981}.Release|Any CPU.Build.0 = Release|Any CPU
	EndGlobalSection
	GlobalSection(SolutionProperties) = preSolution
		HideSolutionNode = FALSE
	EndGlobalSection
	GlobalSection(ExtensibilityGlobals) = postSolution
		SolutionGuid = {6EFF8C2E-E36B-4CA1-9832-2BA2DE219EA7}
	EndGlobalSection
EndGlobal
